dependencies:
- name: grafana
  repository: https://grafana.github.io/helm-charts
  version: 6.24.1
- name: redis
  repository: https://charts.bitnami.com/bitnami
  version: 16.8.0
- name: postgresql
  repository: https://charts.bitnami.com/bitnami
  version: 11.1.13
- name: rabbitmq
  repository: https://charts.bitnami.com/bitnami
  version: 8.31.0
digest: sha256:860a58532ef2c346d4102c645ace3849ed939f5565bee5e67902ece0421b8f8b
generated: "2022-04-01T22:05:10.271437005+02:00"
